PODS:
  - Charts (3.6.0):
    - Charts/Core (= 3.6.0)
  - Charts/Core (3.6.0)
  - Realm (10.2.0):
    - Realm/Headers (= 10.2.0)
  - Realm/Headers (10.2.0)
  - RealmSwift (10.2.0):
    - Realm (= 10.2.0)

DEPENDENCIES:
  - Charts
  - RealmSwift

SPEC REPOS:
  trunk:
    - Charts
    - Realm
    - RealmSwift

SPEC CHECKSUMS:
  Charts: b1e3a1f5a1c9ba5394438ca3b91bd8c9076310af
  Realm: d7914ebf66bb182469726f997c4c38eff286aab0
  RealmSwift: aad08b7dc8c732b7b5794286e9df83739bf834f1

PODFILE CHECKSUM: 83ce418379dd7a7ffa878c0f67e03336955a42dd

COCOAPODS: 1.10.0
